// !$*UTF8*$!
{
	archiveVersion = 1;
	classes = {
	};
	objectVersion = 46;
	objects = {

/* Begin PBXBuildFile section */
		921CE8BF1BE2CA240010D3CE /* AppDelegate.swift in Sources */ = {isa = PBXBuildFile; fileRef = 921CE8BE1BE2CA240010D3CE /* AppDelegate.swift */; };
		921CE8C41BE2CA240010D3CE /* Main.storyboard in Resources */ = {isa = PBXBuildFile; fileRef = 921CE8C21BE2CA240010D3CE /* Main.storyboard */; };
		921CE8C61BE2CA240010D3CE /* Assets.xcassets in Resources */ = {isa = PBXBuildFile; fileRef = 921CE8C51BE2CA240010D3CE /* Assets.xcassets */; };
		921CE8C91BE2CA240010D3CE /* LaunchScreen.storyboard in Resources */ = {isa = PBXBuildFile; fileRef = 921CE8C71BE2CA240010D3CE /* LaunchScreen.storyboard */; };
		921CE8D11BE2EE9F0010D3CE /* HappinessViewController.swift in Sources */ = {isa = PBXBuildFile; fileRef = 921CE8D01BE2EE9F0010D3CE /* HappinessViewController.swift */; };
		921CE8D31BE2EFFD0010D3CE /* FaceView.swift in Sources */ = {isa = PBXBuildFile; fileRef = 921CE8D21BE2EFFD0010D3CE /* FaceView.swift */; };
/* End PBXBuildFile section */

/* Begin PBXFileReference section */
		921CE8BB1BE2CA240010D3CE /* Happiness.app */ = {isa = PBXFileReference; explicitFileType = wrapper.application; includeInIndex = 0; path = Happiness.app; sourceTree = BUILT_PRODUCTS_DIR; };
		921CE8BE1BE2CA240010D3CE /* AppDelegate.swift */ = {isa = PBXFileReference; lastKnownFileType = sourcecode.swift; path = AppDelegate.swift; sourceTree = "<group>"; };
		921CE8C31BE2CA240010D3CE /* Base */ = {isa = PBXFileReference; lastKnownFileType = file.storyboard; name = Base; path = Base.lproj/Main.storyboard; sourceTree = "<group>"; };
		921CE8C51BE2CA240010D3CE /* Assets.xcassets */ = {isa = PBXFileReference; lastKnownFileType = folder.assetcatalog; path = Assets.xcassets; sourceTree = "<group>"; };
		921CE8C81BE2CA240010D3CE /* Base */ = {isa = PBXFileReference; lastKnownFileType = file.storyboard; name = Base; path = Base.lproj/LaunchScreen.storyboard; sourceTree = "<group>"; };
		921CE8CA1BE2CA240010D3CE /* Info.plist */ = {isa = PBXFileReference; lastKnownFileType = text.plist.xml; path = Info.plist; sourceTree = "<group>"; };
		921CE8D01BE2EE9F0010D3CE /* HappinessViewController.swift */ = {isa = PBXFileReference; fileEncoding = 4; lastKnownFileType = sourcecode.swift; path = HappinessViewController.swift; sourceTree = "<group>"; };
		921CE8D21BE2EFFD0010D3CE /* FaceView.swift */ = {isa = PBXFileReference; fileEncoding = 4; lastKnownFileType = sourcecode.swift; path = FaceView.swift; sourceTree = "<group>"; };
/* End PBXFileReference section */

/* Begin PBXFrameworksBuildPhase section */
		921CE8B81BE2CA240010D3CE /* Frameworks */ = {
			isa = PBXFrameworksBuildPhase;
			buildActionMask = 2147483647;
			files = (
			);
			runOnlyForDeploymentPostprocessing = 0;
		};
/* End PBXFrameworksBuildPhase section */

/* Begin PBXGroup section */
		921CE8B21BE2CA240010D3CE = {
			isa = PBXGroup;
			children = (
				921CE8BD1BE2CA240010D3CE /* Happiness */,
				921CE8BC1BE2CA240010D3CE /* Products */,
			);
			sourceTree = "<group>";
		};
		921CE8BC1BE2CA240010D3CE /* Products */ = {
			isa = PBXGroup;
			children = (
				921CE8BB1BE2CA240010D3CE /* Happiness.app */,
			);
			name = Products;
			sourceTree = "<group>";
		};
		921CE8BD1BE2CA240010D3CE /* Happiness */ = {
			isa = PBXGroup;
			children = (
				921CE8BE1BE2CA240010D3CE /* AppDelegate.swift */,
				921CE8C21BE2CA240010D3CE /* Main.storyboard */,
				921CE8D21BE2EFFD0010D3CE /* FaceView.swift */,
				921CE8D01BE2EE9F0010D3CE /* HappinessViewController.swift */,
				921CE8C51BE2CA240010D3CE /* Assets.xcassets */,
				921CE8C71BE2CA240010D3CE /* LaunchScreen.storyboard */,
				921CE8CA1BE2CA240010D3CE /* Info.plist */,
			);
			path = Happiness;
			sourceTree = "<group>";
		};
/* End PBXGroup section */

/* Begin PBXNativeTarget section */
		921CE8BA1BE2CA240010D3CE /* Happiness */ = {
			isa = PBXNativeTarget;
			buildConfigurationList = 921CE8CD1BE2CA240010D3CE /* Build configuration list for PBXNativeTarget "Happiness" */;
			buildPhases = (
				921CE8B71BE2CA240010D3CE /* Sources */,
				921CE8B81BE2CA240010D3CE /* Frameworks */,
				921CE8B91BE2CA240010D3CE /* Resources */,
			);
			buildRules = (
			);
			dependencies = (
			);
			name = Happiness;
			productName = Happiness;
			productReference = 921CE8BB1BE2CA240010D3CE /* Happiness.app */;
			productType = "com.apple.product-type.application";
		};
/* End PBXNativeTarget section */

/* Begin PBXProject section */
		921CE8B31BE2CA240010D3CE /* Project object */ = {
			isa = PBXProject;
			attributes = {
				LastSwiftUpdateCheck = 0710;
				LastUpgradeCheck = 0710;
				ORGANIZATIONNAME = "Anthony Rosario";
				TargetAttributes = {
					921CE8BA1BE2CA240010D3CE = {
						CreatedOnToolsVersion = 7.1;
					};
				};
			};
			buildConfigurationList = 921CE8B61BE2CA240010D3CE /* Build configuration list for PBXProject "Happiness" */;
			compatibilityVersion = "Xcode 3.2";
			developmentRegion = English;
			hasScannedForEncodings = 0;
			knownRegions = (
				en,
				Base,
			);
			mainGroup = 921CE8B21BE2CA240010D3CE;
			productRefGroup = 921CE8BC1BE2CA240010D3CE /* Products */;
			projectDirPath = "";
			projectRoot = "";
			targets = (
				921CE8BA1BE2CA240010D3CE /* Happiness */,
			);
		};
/* End PBXProject section */

/* Begin PBXResourcesBuildPhase section */
		921CE8B91BE2CA240010D3CE /* Resources */ = {
			isa = PBXResourcesBuildPhase;
			buildActionMask = 2147483647;
			files = (
				921CE8C91BE2CA240010D3CE /* LaunchScreen.storyboard in Resources */,
				921CE8C61BE2CA240010D3CE /* Assets.xcassets in Resources */,
				921CE8C41BE2CA240010D3CE /* Main.storyboard in Resources */,
			);
			runOnlyForDeploymentPostprocessing = 0;
		};
/* End PBXResourcesBuildPhase section */

/* Begin PBXSourcesBuildPhase section */
		921CE8B71BE2CA240010D3CE /* Sources */ = {
			isa = PBXSourcesBuildPhase;
			buildActionMask = 2147483647;
			files = (
				921CE8D11BE2EE9F0010D3CE /* HappinessViewController.swift in Sources */,
				921CE8BF1BE2CA240010D3CE /* AppDelegate.swift in Sources */,
				921CE8D31BE2EFFD0010D3CE /* FaceView.swift in Sources */,
			);
			runOnlyForDeploymentPostprocessing = 0;
		};
/* End PBXSourcesBuildPhase section */

/* Begin PBXVariantGroup section */
		921CE8C21BE2CA240010D3CE /* Main.storyboard */ = {
			isa = PBXVariantGroup;
			children = (
				921CE8C31BE2CA240010D3CE /* Base */,
			);
			name = Main.storyboard;
			sourceTree = "<group>";
		};
		921CE8C71BE2CA240010D3CE /* LaunchScreen.storyboard */ = {
			isa = PBXVariantGroup;
			children = (
				921CE8C81BE2CA240010D3CE /* Base */,
			);
			name = LaunchScreen.storyboard;
			sourceTree = "<group>";
		};
/* End PBXVariantGroup section */

/* Begin XCBuildConfiguration section */
		921CE8CB1BE2CA240010D3CE /* Debug */ = {
			isa = XCBuildConfiguration;
			buildSettings = {
				ALWAYS_SEARCH_USER_PATHS = NO;
				CLANG_CXX_LANGUAGE_STANDARD = "gnu++0x";
				CLANG_CXX_LIBRARY = "libc++";
				CLANG_ENABLE_MODULES = YES;
				CLANG_ENABLE_OBJC_ARC = YES;
				CLANG_WARN_BOOL_CONVERSION = YES;
				CLANG_WARN_CONSTANT_CONVERSION = YES;
				CLANG_WARN_DIRECT_OBJC_ISA_USAGE = YES_ERROR;
				CLANG_WARN_EMPTY_BODY = YES;
				CLANG_WARN_ENUM_CONVERSION = YES;
				CLANG_WARN_INT_CONVERSION = YES;
				CLANG_WARN_OBJC_ROOT_CLASS = YES_ERROR;
				CLANG_WARN_UNREACHABLE_CODE = YES;
				CLANG_WARN__DUPLICATE_METHOD_MATCH = YES;
				"CODE_SIGN_IDENTITY[sdk=iphoneos*]" = "iPhone Developer";
				COPY_PHASE_STRIP = NO;
				DEBUG_INFORMATION_FORMAT = dwarf;
				ENABLE_STRICT_OBJC_MSGSEND = YES;
				ENABLE_TESTABILITY = YES;
				GCC_C_LANGUAGE_STANDARD = gnu99;
				GCC_DYNAMIC_NO_PIC = NO;
				GCC_NO_COMMON_BLOCKS = YES;
				GCC_OPTIMIZATION_LEVEL = 0;
				GCC_PREPROCESSOR_DEFINITIONS = (
					"DEBUG=1",
					"$(inherited)",
				);
				GCC_WARN_64_TO_32_BIT_CONVERSION = YES;
				GCC_WARN_ABOUT_RETURN_TYPE = YES_ERROR;
				GCC_WARN_UNDECLARED_SELECTOR = YES;
				GCC_WARN_UNINITIALIZED_AUTOS = YES_AGGRESSIVE;
				GCC_WARN_UNUSED_FUNCTION = YES;
				GCC_WARN_UNUSED_VARIABLE = YES;
				IPHONEOS_DEPLOYMENT_TARGET = 9.1;
				MTL_ENABLE_DEBUG_INFO = YES;
				ONLY_ACTIVE_ARCH = YES;
				SDKROOT = iphoneos;
				SWIFT_OPTIMIZATION_LEVEL = "-Onone";
				TARGETED_DEVICE_FAMILY = "1,2";
			};
			name = Debug;
		};
		921CE8CC1BE2CA240010D3CE /* Release */ = {
			isa = XCBuildConfiguration;
			buildSettings = {
				ALWAYS_SEARCH_USER_PATHS = NO;
				CLANG_CXX_LANGUAGE_STANDARD = "gnu++0x";
				CLANG_CXX_LIBRARY = "libc++";
				CLANG_ENABLE_MODULES = YES;
				CLANG_ENABLE_OBJC_ARC = YES;
				CLANG_WARN_BOOL_CONVERSION = YES;
				CLANG_WARN_CONSTANT_CONVERSION = YES;
				CLANG_WARN_DIRECT_OBJC_ISA_USAGE = YES_ERROR;
				CLANG_WARN_EMPTY_BODY = YES;
				CLANG_WARN_ENUM_CONVERSION = YES;
				CLANG_WARN_INT_CONVERSION = YES;
				CLANG_WARN_OBJC_ROOT_CLASS = YES_ERROR;
				CLANG_WARN_UNREACHABLE_CODE = YES;
				CLANG_WARN__DUPLICATE_METHOD_MATCH = YES;
				"CODE_SIGN_IDENTITY[sdk=iphoneos*]" = "iPhone Developer";
				COPY_PHASE_STRIP = NO;
				DEBUG_INFORMATION_FORMAT = "dwarf-with-dsym";
				ENABLE_NS_ASSERTIONS = NO;
				ENABLE_STRICT_OBJC_MSGSEND = YES;
				GCC_C_LANGUAGE_STANDARD = gnu99;
				GCC_NO_COMMON_BLOCKS = YES;
				GCC_WARN_64_TO_32_BIT_CONVERSION = YES;
				GCC_WARN_ABOUT_RETURN_TYPE = YES_ERROR;
				GCC_WARN_UNDECLARED_SELECTOR = YES;
				GCC_WARN_UNINITIALIZED_AUTOS = YES_AGGRESSIVE;
				GCC_WARN_UNUSED_FUNCTION = YES;
				GCC_WARN_UNUSED_VARIABLE = YES;
				IPHONEOS_DEPLOYMENT_TARGET = 9.1;
				MTL_ENABLE_DEBUG_INFO = NO;
				SDKROOT = iphoneos;
				TARGETED_DEVICE_FAMILY = "1,2";
				VALIDATE_PRODUCT = YES;
			};
			name = Release;
		};
		921CE8CE1BE2CA240010D3CE /* Debug */ = {
			isa = XCBuildConfiguration;
			buildSettings = {
				ASSETCATALOG_COMPILER_APPICON_NAME = AppIcon;
				INFOPLIST_FILE = Happiness/Info.plist;
				LD_RUNPATH_SEARCH_PATHS = "$(inherited) @executable_path/Frameworks";
				PRODUCT_BUNDLE_IDENTIFIER = com.ajrosario.Happiness;
				PRODUCT_NAME = "$(TARGET_NAME)";
			};
			name = Debug;
		};
		921CE8CF1BE2CA240010D3CE /* Release */ = {
			isa = XCBuildConfiguration;
			buildSettings = {
				ASSETCATALOG_COMPILER_APPICON_NAME = AppIcon;
				INFOPLIST_FILE = Happiness/Info.plist;
				LD_RUNPATH_SEARCH_PATHS = "$(inherited) @executable_path/Frameworks";
				PRODUCT_BUNDLE_IDENTIFIER = com.ajrosario.Happiness;
				PRODUCT_NAME = "$(TARGET_NAME)";
			};
			name = Release;
		};
/* End XCBuildConfiguration section */

/* Begin XCConfigurationList section */
		921CE8B61BE2CA240010D3CE /* Build configuration list for PBXProject "Happiness" */ = {
			isa = XCConfigurationList;
			buildConfigurations = (
				921CE8CB1BE2CA240010D3CE /* Debug */,
				921CE8CC1BE2CA240010D3CE /* Release */,
			);
			defaultConfigurationIsVisible = 0;
			defaultConfigurationName = Release;
		};
		921CE8CD1BE2CA240010D3CE /* Build configuration list for PBXNativeTarget "Happiness" */ = {
			isa = XCConfigurationList;
			buildConfigurations = (
				921CE8CE1BE2CA240010D3CE /* Debug */,
				921CE8CF1BE2CA240010D3CE /* Release */,
			);
			defaultConfigurationIsVisible = 0;
			defaultConfigurationName = Release;
		};
/* End XCConfigurationList section */
	};
	rootObject = 921CE8B31BE2CA240010D3CE /* Project object */;
}
